{
  "name": "simple-swiftype",
  "version": "1.0.0",
  "lockfileVersion": 1,
  "requires": true,
  "dependencies": {
    "env2": {
      "version": "2.2.0",
      "resolved": "https://registry.npmjs.org/env2/-/env2-2.2.0.tgz",
      "integrity": "sha1-1GtC03Xi8lU/8O80wVPJBPplLfE="
    },
    "once": {
      "version": "1.4.0",
      "resolved": "https://registry.npmjs.org/once/-/once-1.4.0.tgz",
      "integrity": "sha1-WDsap3WWHUsROsF9nFC6753Xa9E=",
      "requires": {
        "wrappy": "1.0.2"
      }
    },
    "simple-concat": {
      "version": "1.0.0",
      "resolved": "https://registry.npmjs.org/simple-concat/-/simple-concat-1.0.0.tgz",
      "integrity": "sha1-c0TLuLbib7J9ZrL8hvn21Zl1IcY="
    },
    "simple-get": {
      "version": "2.6.0",
      "resolved": "https://registry.npmjs.org/simple-get/-/simple-get-2.6.0.tgz",
      "integrity": "sha1-uwEUTbSbPUwQdhXc9I0+5ASxbgY=",
      "requires": {
        "once": "1.4.0",
        "simple-concat": "1.0.0",
        "unzip-response": "2.0.1"
      }
    },
    "unzip-response": {
      "version": "2.0.1",
      "resolved": "https://registry.npmjs.org/unzip-response/-/unzip-response-2.0.1.tgz",
      "integrity": "sha1-0vD3N9FrBhXnKmk17QQhRXLVb5c="
    },
    "wrappy": {
      "version": "1.0.2",
      "resolved": "https://registry.npmjs.org/wrappy/-/wrappy-1.0.2.tgz",
      "integrity": "sha1-tSQ9jz7BqjXxNkYFvA0QNuMKtp8="
    }
  }
}
